Microsoft Visual Studio Solution File, Format Version 12.00
# Visual Studio Version 17
VisualStudioVersion = 17.5.2.0
MinimumVisualStudioVersion = 10.0.40219.1
Project("{FAE04EC0-301F-11D3-BF4B-00C04F79EFBC}") = "pbi-local-mcp", "pbi-local-mcp\pbi-local-mcp.csproj", "{7D4DDCEE-D035-5236-B4BA-7FF7F34C9A7A}"
EndProject
Project("{2150E333-8FDC-42A3-9474-1A3956D46DE8}") = "pbi-local-mcp (Folder)", "pbi-local-mcp", "{82155837-240D-4D67-8BBA-ACED5EF36D3D}"
EndProject
Project("{FAE04EC0-301F-11D3-BF4B-00C04F79EFBC}") = "pbi-local-mcp.Tests", "pbi-local-mcp\pbi-local-mcp.Tests\pbi-local-mcp.Tests.csproj", "{16166EA6-D8A7-4625-8EBD-604DA30307FA}"
EndProject
Global
	GlobalSection(SolutionConfigurationPlatforms) = preSolution
		Debug|Any CPU = Debug|Any CPU
		Release|Any CPU = Release|Any CPU
	EndGlobalSection
	GlobalSection(ProjectConfigurationPlatforms) = postSolution
		{7D4DDCEE-D035-5236-B4BA-7FF7F34C9A7A}.Debug|Any CPU.ActiveCfg = Debug|Any CPU
		{7D4DDCEE-D035-5236-B4BA-7FF7F34C9A7A}.Debug|Any CPU.Build.0 = Debug|Any CPU
		{7D4DDCEE-D035-5236-B4BA-7FF7F34C9A7A}.Release|Any CPU.ActiveCfg = Release|Any CPU
		{7D4DDCEE-D035-5236-B4BA-7FF7F34C9A7A}.Release|Any CPU.Build.0 = Release|Any CPU
		{16166EA6-D8A7-4625-8EBD-604DA30307FA}.Debug|Any CPU.ActiveCfg = Debug|Any CPU
		{16166EA6-D8A7-4625-8EBD-604DA30307FA}.Debug|Any CPU.Build.0 = Debug|Any CPU
		{16166EA6-D8A7-4625-8EBD-604DA30307FA}.Release|Any CPU.ActiveCfg = Release|Any CPU
		{16166EA6-D8A7-4625-8EBD-604DA30307FA}.Release|Any CPU.Build.0 = Release|Any CPU
	EndGlobalSection
	GlobalSection(SolutionProperties) = preSolution
		HideSolutionNode = FALSE
	EndGlobalSection
	GlobalSection(ExtensibilityGlobals) = postSolution
		SolutionGuid = {45E7B0D3-668A-46A3-9992-12C0C28AB5F3}
	EndGlobalSection
	GlobalSection(NestedProjects) = preSolution
		{16166EA6-D8A7-4625-8EBD-604DA30307FA} = {82155837-240D-4D67-8BBA-ACED5EF36D3D}
	EndGlobalSection
EndGlobal
